
Microsoft Visual Studio Solution File, Format Version 12.00
# Visual Studio 15
VisualStudioVersion = 15.0.26228.4
MinimumVisualStudioVersion = 10.0.40219.1
Project("{FAE04EC0-301F-11D3-BF4B-00C04F79EFBC}") = "CarePoint", "CarePoint\CarePoint.csproj", "{E768F5AF-2F93-4300-86BC-7A9B97AA082E}"
EndProject
Project("{FAE04EC0-301F-11D3-BF4B-00C04F79EFBC}") = "DAL", "DAL\DAL.csproj", "{2D4039A1-1357-4CDF-8A90-CFE4DB921BDE}"
EndProject
Project("{FAE04EC0-301F-11D3-BF4B-00C04F79EFBC}") = "BLL", "BLL\BLL.csproj", "{DE5408F8-E097-47E2-B20B-539529189379}"
EndProject
Global
	GlobalSection(SolutionConfigurationPlatforms) = preSolution
		Debug|Any CPU = Debug|Any CPU
		Release|Any CPU = Release|Any CPU
	EndGlobalSection
	GlobalSection(ProjectConfigurationPlatforms) = postSolution
		{E768F5AF-2F93-4300-86BC-7A9B97AA082E}.Debug|Any CPU.ActiveCfg = Debug|Any CPU
		{E768F5AF-2F93-4300-86BC-7A9B97AA082E}.Debug|Any CPU.Build.0 = Debug|Any CPU
		{E768F5AF-2F93-4300-86BC-7A9B97AA082E}.Release|Any CPU.ActiveCfg = Release|Any CPU
		{E768F5AF-2F93-4300-86BC-7A9B97AA082E}.Release|Any CPU.Build.0 = Release|Any CPU
		{2D4039A1-1357-4CDF-8A90-CFE4DB921BDE}.Debug|Any CPU.ActiveCfg = Debug|Any CPU
		{2D4039A1-1357-4CDF-8A90-CFE4DB921BDE}.Debug|Any CPU.Build.0 = Debug|Any CPU
		{2D4039A1-1357-4CDF-8A90-CFE4DB921BDE}.Release|Any CPU.ActiveCfg = Release|Any CPU
		{2D4039A1-1357-4CDF-8A90-CFE4DB921BDE}.Release|Any CPU.Build.0 = Release|Any CPU
		{DE5408F8-E097-47E2-B20B-539529189379}.Debug|Any CPU.ActiveCfg = Debug|Any CPU
		{DE5408F8-E097-47E2-B20B-539529189379}.Debug|Any CPU.Build.0 = Debug|Any CPU
		{DE5408F8-E097-47E2-B20B-539529189379}.Release|Any CPU.ActiveCfg = Release|Any CPU
		{DE5408F8-E097-47E2-B20B-539529189379}.Release|Any CPU.Build.0 = Release|Any CPU
	EndGlobalSection
	GlobalSection(SolutionProperties) = preSolution
		HideSolutionNode = FALSE
	EndGlobalSection
EndGlobal
